
Microsoft Visual Studio Solution File, Format Version 12.00
# Visual Studio 15
VisualStudioVersion = 15.0.28307.489
MinimumVisualStudioVersion = 10.0.40219.1
Project("{FAE04EC0-301F-11D3-BF4B-00C04F79EFBC}") = "ApiCalculadoraSoftplan", "ApiCalculadoraSoftplan\ApiCalculadoraSoftplan.csproj", "{62B8BFCB-9351-4D50-99BC-0A93A62626EE}"
EndProject
Global
	GlobalSection(SolutionConfigurationPlatforms) = preSolution
		Debug|Any CPU = Debug|Any CPU
		Release|Any CPU = Release|Any CPU
	EndGlobalSection
	GlobalSection(ProjectConfigurationPlatforms) = postSolution
		{62B8BFCB-9351-4D50-99BC-0A93A62626EE}.Debug|Any CPU.ActiveCfg = Debug|Any CPU
		{62B8BFCB-9351-4D50-99BC-0A93A62626EE}.Debug|Any CPU.Build.0 = Debug|Any CPU
		{62B8BFCB-9351-4D50-99BC-0A93A62626EE}.Release|Any CPU.ActiveCfg = Release|Any CPU
		{62B8BFCB-9351-4D50-99BC-0A93A62626EE}.Release|Any CPU.Build.0 = Release|Any CPU
	EndGlobalSection
	GlobalSection(SolutionProperties) = preSolution
		HideSolutionNode = FALSE
	EndGlobalSection
	GlobalSection(ExtensibilityGlobals) = postSolution
		SolutionGuid = {5F8F2C5A-8404-4DA7-8E02-630713241AE7}
	EndGlobalSection
EndGlobal
